
Microsoft Visual Studio Solution File, Format Version 12.00
# Visual Studio Version 16
VisualStudioVersion = 16.0.31829.152
MinimumVisualStudioVersion = 10.0.40219.1
Project("{FAE04EC0-301F-11D3-BF4B-00C04F79EFBC}") = "17_task", "17_task\17_task.csproj", "{5AE1B783-247F-4C34-86F1-5523F07F5BF1}"
EndProject
Global
	GlobalSection(SolutionConfigurationPlatforms) = preSolution
		Debug|Any CPU = Debug|Any CPU
		Release|Any CPU = Release|Any CPU
	EndGlobalSection
	GlobalSection(ProjectConfigurationPlatforms) = postSolution
		{5AE1B783-247F-4C34-86F1-5523F07F5BF1}.Debug|Any CPU.ActiveCfg = Debug|Any CPU
		{5AE1B783-247F-4C34-86F1-5523F07F5BF1}.Debug|Any CPU.Build.0 = Debug|Any CPU
		{5AE1B783-247F-4C34-86F1-5523F07F5BF1}.Release|Any CPU.ActiveCfg = Release|Any CPU
		{5AE1B783-247F-4C34-86F1-5523F07F5BF1}.Release|Any CPU.Build.0 = Release|Any CPU
	EndGlobalSection
	GlobalSection(SolutionProperties) = preSolution
		HideSolutionNode = FALSE
	EndGlobalSection
	GlobalSection(ExtensibilityGlobals) = postSolution
		SolutionGuid = {BDF4616D-37AB-4787-A295-14CC4B84956B}
	EndGlobalSection
EndGlobal
